
Microsoft Visual Studio Solution File, Format Version 12.00
# Visual Studio Version 17
VisualStudioVersion = 17.7.34031.279
MinimumVisualStudioVersion = 10.0.40219.1
Project("{FAE04EC0-301F-11D3-BF4B-00C04F79EFBC}") = "ObuvnayaFabrika", "ObuvnayaFabrika\ObuvnayaFabrika.csproj", "{BE1B0637-1AA9-497A-8FA3-7CD7CCEDC90A}"
EndProject
Project("{FAE04EC0-301F-11D3-BF4B-00C04F79EFBC}") = "Hash", "Hash\Hash.csproj", "{443E67FA-0231-4FA1-9A76-EC73C62094EE}"
EndProject
Project("{FAE04EC0-301F-11D3-BF4B-00C04F79EFBC}") = "AddPassword", "AddPassword\AddPassword.csproj", "{2097C789-E46F-4695-B80C-40CB558FF9AB}"
EndProject
Global
	GlobalSection(SolutionConfigurationPlatforms) = preSolution
		Debug|Any CPU = Debug|Any CPU
		Release|Any CPU = Release|Any CPU
	EndGlobalSection
	GlobalSection(ProjectConfigurationPlatforms) = postSolution
		{BE1B0637-1AA9-497A-8FA3-7CD7CCEDC90A}.Debug|Any CPU.ActiveCfg = Debug|Any CPU
		{BE1B0637-1AA9-497A-8FA3-7CD7CCEDC90A}.Debug|Any CPU.Build.0 = Debug|Any CPU
		{BE1B0637-1AA9-497A-8FA3-7CD7CCEDC90A}.Release|Any CPU.ActiveCfg = Release|Any CPU
		{BE1B0637-1AA9-497A-8FA3-7CD7CCEDC90A}.Release|Any CPU.Build.0 = Release|Any CPU
		{443E67FA-0231-4FA1-9A76-EC73C62094EE}.Debug|Any CPU.ActiveCfg = Debug|Any CPU
		{443E67FA-0231-4FA1-9A76-EC73C62094EE}.Debug|Any CPU.Build.0 = Debug|Any CPU
		{443E67FA-0231-4FA1-9A76-EC73C62094EE}.Release|Any CPU.ActiveCfg = Release|Any CPU
		{443E67FA-0231-4FA1-9A76-EC73C62094EE}.Release|Any CPU.Build.0 = Release|Any CPU
		{2097C789-E46F-4695-B80C-40CB558FF9AB}.Debug|Any CPU.ActiveCfg = Debug|Any CPU
		{2097C789-E46F-4695-B80C-40CB558FF9AB}.Debug|Any CPU.Build.0 = Debug|Any CPU
		{2097C789-E46F-4695-B80C-40CB558FF9AB}.Release|Any CPU.ActiveCfg = Release|Any CPU
		{2097C789-E46F-4695-B80C-40CB558FF9AB}.Release|Any CPU.Build.0 = Release|Any CPU
	EndGlobalSection
	GlobalSection(SolutionProperties) = preSolution
		HideSolutionNode = FALSE
	EndGlobalSection
	GlobalSection(ExtensibilityGlobals) = postSolution
		SolutionGuid = {28EA53EC-7273-41F3-A059-4D326E874DE5}
	EndGlobalSection
EndGlobal
